
Microsoft Visual Studio Solution File, Format Version 11.00
# Visual Studio 2010
Project("{FAE04EC0-301F-11D3-BF4B-00C04F79EFBC}") = "WindowsGame1", "WindowsGame1\WindowsGame1\WindowsGame1.csproj", "{25BDF064-5EEE-49E0-AEA0-E16E54E1C304}"
EndProject
Project("{96E2B04D-8817-42C6-938A-82C39BA4D311}") = "WindowsGame1Content", "WindowsGame1\WindowsGame1Content\WindowsGame1Content.contentproj", "{4CC608FE-C86A-4840-B244-E20BD8F080F0}"
EndProject
Global
	GlobalSection(SolutionConfigurationPlatforms) = preSolution
		Debug|x86 = Debug|x86
		Release|x86 = Release|x86
	EndGlobalSection
	GlobalSection(ProjectConfigurationPlatforms) = postSolution
		{25BDF064-5EEE-49E0-AEA0-E16E54E1C304}.Debug|x86.ActiveCfg = Debug|x86
		{25BDF064-5EEE-49E0-AEA0-E16E54E1C304}.Debug|x86.Build.0 = Debug|x86
		{25BDF064-5EEE-49E0-AEA0-E16E54E1C304}.Release|x86.ActiveCfg = Release|x86
		{25BDF064-5EEE-49E0-AEA0-E16E54E1C304}.Release|x86.Build.0 = Release|x86
		{4CC608FE-C86A-4840-B244-E20BD8F080F0}.Debug|x86.ActiveCfg = Debug|x86
		{4CC608FE-C86A-4840-B244-E20BD8F080F0}.Release|x86.ActiveCfg = Release|x86
	EndGlobalSection
	GlobalSection(SolutionProperties) = preSolution
		HideSolutionNode = FALSE
	EndGlobalSection
EndGlobal
